
Microsoft Visual Studio Solution File, Format Version 12.00
# Visual Studio Version 17
VisualStudioVersion = 17.4.33122.133
MinimumVisualStudioVersion = 10.0.40219.1
Project("{FAE04EC0-301F-11D3-BF4B-00C04F79EFBC}") = "PR2", "PR2.csproj", "{064D7203-062B-4F64-A4FD-A29B6454C226}"
EndProject
Global
	GlobalSection(SolutionConfigurationPlatforms) = preSolution
		Debug|Any CPU = Debug|Any CPU
		Release|Any CPU = Release|Any CPU
	EndGlobalSection
	GlobalSection(ProjectConfigurationPlatforms) = postSolution
		{064D7203-062B-4F64-A4FD-A29B6454C226}.Debug|Any CPU.ActiveCfg = Debug|Any CPU
		{064D7203-062B-4F64-A4FD-A29B6454C226}.Debug|Any CPU.Build.0 = Debug|Any CPU
		{064D7203-062B-4F64-A4FD-A29B6454C226}.Release|Any CPU.ActiveCfg = Release|Any CPU
		{064D7203-062B-4F64-A4FD-A29B6454C226}.Release|Any CPU.Build.0 = Release|Any CPU
	EndGlobalSection
	GlobalSection(SolutionProperties) = preSolution
		HideSolutionNode = FALSE
	EndGlobalSection
	GlobalSection(ExtensibilityGlobals) = postSolution
		SolutionGuid = {8851DA08-DC9F-4368-822E-9A59B78D0621}
	EndGlobalSection
EndGlobal
